
Microsoft Visual Studio Solution File, Format Version 12.00
# Visual Studio Version 17
VisualStudioVersion = 17.11.35431.28
MinimumVisualStudioVersion = 10.0.40219.1
Project("{FAE04EC0-301F-11D3-BF4B-00C04F79EFBC}") = "HiringForm", "HiringForm\HiringForm.csproj", "{DC7840D4-C3B2-4439-B387-0B715C03D612}"
EndProject
Global
	GlobalSection(SolutionConfigurationPlatforms) = preSolution
		Debug|Any CPU = Debug|Any CPU
		Release|Any CPU = Release|Any CPU
	EndGlobalSection
	GlobalSection(ProjectConfigurationPlatforms) = postSolution
		{DC7840D4-C3B2-4439-B387-0B715C03D612}.Debug|Any CPU.ActiveCfg = Debug|Any CPU
		{DC7840D4-C3B2-4439-B387-0B715C03D612}.Debug|Any CPU.Build.0 = Debug|Any CPU
		{DC7840D4-C3B2-4439-B387-0B715C03D612}.Release|Any CPU.ActiveCfg = Release|Any CPU
		{DC7840D4-C3B2-4439-B387-0B715C03D612}.Release|Any CPU.Build.0 = Release|Any CPU
	EndGlobalSection
	GlobalSection(SolutionProperties) = preSolution
		HideSolutionNode = FALSE
	EndGlobalSection
	GlobalSection(ExtensibilityGlobals) = postSolution
		SolutionGuid = {69F941F5-EE57-45C5-A3FF-EB51CC275DBB}
	EndGlobalSection
EndGlobal
